{
  "nodes": {
    "disko": {
      "inputs": {
        "nixpkgs": [
          "nixpkgs"
        ]
      },
      "locked": {
        "lastModified": 1781152676,
        "narHash": "sha256-RxWs5ND31KzTG7wvMM+PMfUjyNpmIEr999lqNARaM5o=",
        "owner": "nix-community",
        "repo": "disko",
        "rev": "ff8702b4de27f72b4c78573dfb89ec74e36abdf1",
        "type": "github"
      },
      "original": {
        "owner": "nix-community",
        "repo": "disko",
        "type": "github"
      }
    },
    "flake-utils": {
      "inputs": {
        "systems": "systems"
      },
      "locked": {
        "lastModified": 1731533236,
        "narHash": "sha256-l0KFg5HjrsfsO/JpG+r7fRrqm12kzFHyUHqHCVpMMbI=",
        "owner": "numtide",
        "repo": "flake-utils",
        "rev": "11707dc2f618dd54ca8739b309ec4fc024de578b",
        "type": "github"
      },
      "original": {
        "owner": "numtide",
        "repo": "flake-utils",
        "type": "github"
      }
    },
    "home-manager": {
      "inputs": {
        "nixpkgs": [
          "nixpkgs"
        ]
      },
      "locked": {
        "lastModified": 1781981105,
        "narHash": "sha256-/1nNBbA7PrSQpTc9Qazkhl4kIPg+TNl0CjxS3UQJKlw=",
        "owner": "nix-community",
        "repo": "home-manager",
        "rev": "7bfff44b465909f69a442701293bc0badcf476dc",
        "type": "github"
      },
      "original": {
        "owner": "nix-community",
        "ref": "release-26.05",
        "repo": "home-manager",
        "type": "github"
      }
    },
    "home-manager_2": {
      "inputs": {
        "nixpkgs": [
          "quickshell",
          "nixpkgs"
        ]
      },
      "locked": {
        "lastModified": 1785119570,
        "narHash": "sha256-Rgs2xKnGLFWQscxUaXX07oyZeuMDOHEbqDOsgliLFGM=",
        "owner": "nix-community",
        "repo": "home-manager",
        "rev": "d4fd24667c8cbef124bb70a20380cab75ec8474d",
        "type": "github"
      },
      "original": {
        "owner": "nix-community",
        "ref": "release-26.05",
        "repo": "home-manager",
        "type": "github"
      }
    },
    "nixpkgs": {
      "locked": {
        "lastModified": 1779971959,
        "narHash": "sha256-R5nauXyqyfRUFiZycFFZdkF7wl6eaUpPLst35+2nJQY=",
        "owner": "nixos",
        "repo": "nixpkgs",
        "rev": "ec942ba042dad5ef097e2ef3a3effc034241f011",
        "type": "github"
      },
      "original": {
        "owner": "nixos",
        "ref": "nixos-26.05",
        "repo": "nixpkgs",
        "type": "github"
      }
    },
    "nixpkgs-unstable": {
      "locked": {
        "lastModified": 1779560665,
        "narHash": "sha256-tpyBcxPpcQb8ukyNF7DoCwfSY3VPsxHoYwj00Cayv5o=",
        "owner": "nixos",
        "repo": "nixpkgs",
        "rev": "64c08a7ca051951c8eae34e3e3cb1e202fe36786",
        "type": "github"
      },
      "original": {
        "owner": "nixos",
        "ref": "nixos-unstable",
        "repo": "nixpkgs",
        "type": "github"
      }
    },
    "quickshell": {
      "inputs": {
        "flake-utils": "flake-utils",
        "home-manager": "home-manager_2",
        "nixpkgs": [
          "nixpkgs"
        ]
      },
      "locked": {
        "lastModified": 1784662686,
        "narHash": "sha256-FgkPp1I9kj8RtPoaQ2dNrAf3NiegU1nzss7Bv1DhZZ4=",
        "owner": "reEnvisioning",
        "repo": "temp",
        "rev": "64f1c3fea54c564f62e131ca06b1e3c5c078ce26",
        "type": "github"
      },
      "original": {
        "owner": "reEnvisioning",
        "repo": "temp",
        "type": "github"
      }
    },
    "retheme": {
      "inputs": {
        "nixpkgs": [
          "nixpkgs"
        ]
      },
      "locked": {
        "lastModified": 1785354639,
        "narHash": "sha256-30syk832VtnPPQgyvkAUA5USwsrPA0oAnyDYfPGhTZs=",
        "owner": "reEnvisioning",
        "repo": "test-reTheme",
        "rev": "6b9ed723bdb13498e0823a8cbc350b893690ebdf",
        "type": "github"
      },
      "original": {
        "owner": "reEnvisioning",
        "repo": "test-reTheme",
        "type": "github"
      }
    },
    "root": {
      "inputs": {
        "disko": "disko",
        "home-manager": "home-manager",
        "nixpkgs": "nixpkgs",
        "nixpkgs-unstable": "nixpkgs-unstable",
        "quickshell": "quickshell",
        "retheme": "retheme"
      }
    },
    "systems": {
      "locked": {
        "lastModified": 1681028828,
        "narHash": "sha256-Vy1rq5AaRuLzOxct8nz4T6wlgyUR7zLU309k9mBC768=",
        "owner": "nix-systems",
        "repo": "default",
        "rev": "da67096a3b9bf56a91d16901293e51ba5b49a27e",
        "type": "github"
      },
      "original": {
        "owner": "nix-systems",
        "repo": "default",
        "type": "github"
      }
    }
  },
  "root": "root",
  "version": 7
}
